
Microsoft Visual Studio Solution File, Format Version 12.00
# Visual Studio Version 16
VisualStudioVersion = 16.0.33927.289
MinimumVisualStudioVersion = 10.0.40219.1
Project("{2150E333-8FDC-42A3-9474-1A3956D46DE8}") = "Task0", "Task0", "{B1DFC4D2-A20B-430A-891E-FFFD85CA234A}"
EndProject
Project("{FAE04EC0-301F-11D3-BF4B-00C04F79EFBC}") = "Tyuiu.GofmanDV.Sprint1.Task0.V19", "Tyuiu.GofmanDV.Sprint1.Task0.V19\Tyuiu.GofmanDV.Sprint1.Task0.V19.csproj", "{6D7759CF-D100-4D21-A91A-ADED12D8D68B}"
EndProject
Project("{FAE04EC0-301F-11D3-BF4B-00C04F79EFBC}") = "Tyuiu.GofmanDV.Sprint1.Task0.V19.Lib", "Tyuiu.GofmanDV.Sprint1.Task0.V19.Lib\Tyuiu.GofmanDV.Sprint1.Task0.V19.Lib.csproj", "{8F7DC3A2-1251-48FF-A417-C2CFE8068AA6}"
EndProject
Project("{FAE04EC0-301F-11D3-BF4B-00C04F79EFBC}") = "Tyuiu.GofmanDV.Sprint1.Task0.V19.Test", "Tyuiu.GofmanDV.Sprint1.Task0.V19.Test\Tyuiu.GofmanDV.Sprint1.Task0.V19.Test.csproj", "{2BFD8CB8-8965-48ED-84A8-63C2B4E54C5F}"
EndProject
Global
	GlobalSection(SolutionConfigurationPlatforms) = preSolution
		Debug|Any CPU = Debug|Any CPU
		Release|Any CPU = Release|Any CPU
	EndGlobalSection
	GlobalSection(ProjectConfigurationPlatforms) = postSolution
		{6D7759CF-D100-4D21-A91A-ADED12D8D68B}.Debug|Any CPU.ActiveCfg = Debug|Any CPU
		{6D7759CF-D100-4D21-A91A-ADED12D8D68B}.Debug|Any CPU.Build.0 = Debug|Any CPU
		{6D7759CF-D100-4D21-A91A-ADED12D8D68B}.Release|Any CPU.ActiveCfg = Release|Any CPU
		{6D7759CF-D100-4D21-A91A-ADED12D8D68B}.Release|Any CPU.Build.0 = Release|Any CPU
		{8F7DC3A2-1251-48FF-A417-C2CFE8068AA6}.Debug|Any CPU.ActiveCfg = Debug|Any CPU
		{8F7DC3A2-1251-48FF-A417-C2CFE8068AA6}.Debug|Any CPU.Build.0 = Debug|Any CPU
		{8F7DC3A2-1251-48FF-A417-C2CFE8068AA6}.Release|Any CPU.ActiveCfg = Release|Any CPU
		{8F7DC3A2-1251-48FF-A417-C2CFE8068AA6}.Release|Any CPU.Build.0 = Release|Any CPU
		{2BFD8CB8-8965-48ED-84A8-63C2B4E54C5F}.Debug|Any CPU.ActiveCfg = Debug|Any CPU
		{2BFD8CB8-8965-48ED-84A8-63C2B4E54C5F}.Debug|Any CPU.Build.0 = Debug|Any CPU
		{2BFD8CB8-8965-48ED-84A8-63C2B4E54C5F}.Release|Any CPU.ActiveCfg = Release|Any CPU
		{2BFD8CB8-8965-48ED-84A8-63C2B4E54C5F}.Release|Any CPU.Build.0 = Release|Any CPU
	EndGlobalSection
	GlobalSection(SolutionProperties) = preSolution
		HideSolutionNode = FALSE
	EndGlobalSection
	GlobalSection(NestedProjects) = preSolution
		{6D7759CF-D100-4D21-A91A-ADED12D8D68B} = {B1DFC4D2-A20B-430A-891E-FFFD85CA234A}
		{8F7DC3A2-1251-48FF-A417-C2CFE8068AA6} = {B1DFC4D2-A20B-430A-891E-FFFD85CA234A}
		{2BFD8CB8-8965-48ED-84A8-63C2B4E54C5F} = {B1DFC4D2-A20B-430A-891E-FFFD85CA234A}
	EndGlobalSection
	GlobalSection(ExtensibilityGlobals) = postSolution
		SolutionGuid = {5A3B14BC-8D01-4C4F-9E67-EE32DE2852DB}
	EndGlobalSection
EndGlobal
