
Microsoft Visual Studio Solution File, Format Version 12.00
# Visual Studio Version 16
VisualStudioVersion = 16.0.33927.289
MinimumVisualStudioVersion = 10.0.40219.1
Project("{2150E333-8FDC-42A3-9474-1A3956D46DE8}") = "Task0", "Task0", "{91623111-1FD3-4516-8B8A-FFAC70D50E66}"
EndProject
Project("{8BC9CEB8-8B4A-11D0-8D11-00A0C91BC942}") = "Tyuiu.GofmanDV.Sprint1.Task0.V3", "Tyuiu.GofmanDV.Sprint1.Task0.V3\Tyuiu.GofmanDV.Sprint1.Task0.V3.vcxproj", "{58E2DF50-31D1-4F20-9312-555CB404B3E9}"
EndProject
Project("{8BC9CEB8-8B4A-11D0-8D11-00A0C91BC942}") = "Tyuiu.GofmanDV.Sprint1.Task0.V3.Test", "Tyuiu.GofmanDV.Sprint1.Task0.V3.Test\Tyuiu.GofmanDV.Sprint1.Task0.V3.Test.vcxproj", "{40942287-0B93-423E-A05F-289EC7FB6264}"
EndProject
Project("{8BC9CEB8-8B4A-11D0-8D11-00A0C91BC942}") = "Tyuiu.GofmanDV.Sprint1.Task0.V3.Lib", "Tyuiu.GofmanDV.Sprint1.Task0.V3.Lib\Tyuiu.GofmanDV.Sprint1.Task0.V3.Lib.vcxproj", "{A418F285-BD22-43AB-B89A-FDF2796D4745}"
EndProject
Project("{2150E333-8FDC-42A3-9474-1A3956D46DE8}") = "Task1", "Task1", "{04D782D7-B476-480B-BADF-20B74E13ED54}"
EndProject
Project("{8BC9CEB8-8B4A-11D0-8D11-00A0C91BC942}") = "Tyuiu.GofmanDV.Sprint1.Task1.V3.Lib", "Tyuiu.GofmanDV.Sprint1.Task1.V3.Lib\Tyuiu.GofmanDV.Sprint1.Task1.V3.Lib.vcxproj", "{BA63CD8B-1AB0-4AEC-9F6B-B9EA09CD9CC5}"
EndProject
Project("{8BC9CEB8-8B4A-11D0-8D11-00A0C91BC942}") = "Tyuiu.GofmanDV.Sprint1.Task1.V3.Test", "Tyuiu.GofmanDV.Sprint1.Task1.V3.Test\Tyuiu.GofmanDV.Sprint1.Task1.V3.Test.vcxproj", "{BB346C48-F575-4EF0-A8CE-49E10A630DF9}"
EndProject
Project("{8BC9CEB8-8B4A-11D0-8D11-00A0C91BC942}") = "Tyuiu.GofmanDV.Sprint1.Task1.V3", "Tyuiu.GofmanDV.Sprint1.Task1.V3\Tyuiu.GofmanDV.Sprint1.Task1.V3.vcxproj", "{056A9803-12E4-4BBB-8F40-97A57294F36F}"
EndProject
Global
	GlobalSection(SolutionConfigurationPlatforms) = preSolution
		Debug|x64 = Debug|x64
		Debug|x86 = Debug|x86
		Release|x64 = Release|x64
		Release|x86 = Release|x86
	EndGlobalSection
	GlobalSection(ProjectConfigurationPlatforms) = postSolution
		{58E2DF50-31D1-4F20-9312-555CB404B3E9}.Debug|x64.ActiveCfg = Debug|x64
		{58E2DF50-31D1-4F20-9312-555CB404B3E9}.Debug|x64.Build.0 = Debug|x64
		{58E2DF50-31D1-4F20-9312-555CB404B3E9}.Debug|x86.ActiveCfg = Debug|Win32
		{58E2DF50-31D1-4F20-9312-555CB404B3E9}.Debug|x86.Build.0 = Debug|Win32
		{58E2DF50-31D1-4F20-9312-555CB404B3E9}.Release|x64.ActiveCfg = Release|x64
		{58E2DF50-31D1-4F20-9312-555CB404B3E9}.Release|x64.Build.0 = Release|x64
		{58E2DF50-31D1-4F20-9312-555CB404B3E9}.Release|x86.ActiveCfg = Release|Win32
		{58E2DF50-31D1-4F20-9312-555CB404B3E9}.Release|x86.Build.0 = Release|Win32
		{40942287-0B93-423E-A05F-289EC7FB6264}.Debug|x64.ActiveCfg = Debug|x64
		{40942287-0B93-423E-A05F-289EC7FB6264}.Debug|x64.Build.0 = Debug|x64
		{40942287-0B93-423E-A05F-289EC7FB6264}.Debug|x86.ActiveCfg = Debug|Win32
		{40942287-0B93-423E-A05F-289EC7FB6264}.Debug|x86.Build.0 = Debug|Win32
		{40942287-0B93-423E-A05F-289EC7FB6264}.Release|x64.ActiveCfg = Release|x64
		{40942287-0B93-423E-A05F-289EC7FB6264}.Release|x64.Build.0 = Release|x64
		{40942287-0B93-423E-A05F-289EC7FB6264}.Release|x86.ActiveCfg = Release|Win32
		{40942287-0B93-423E-A05F-289EC7FB6264}.Release|x86.Build.0 = Release|Win32
		{A418F285-BD22-43AB-B89A-FDF2796D4745}.Debug|x64.ActiveCfg = Debug|x64
		{A418F285-BD22-43AB-B89A-FDF2796D4745}.Debug|x64.Build.0 = Debug|x64
		{A418F285-BD22-43AB-B89A-FDF2796D4745}.Debug|x86.ActiveCfg = Debug|Win32
		{A418F285-BD22-43AB-B89A-FDF2796D4745}.Debug|x86.Build.0 = Debug|Win32
		{A418F285-BD22-43AB-B89A-FDF2796D4745}.Release|x64.ActiveCfg = Release|x64
		{A418F285-BD22-43AB-B89A-FDF2796D4745}.Release|x64.Build.0 = Release|x64
		{A418F285-BD22-43AB-B89A-FDF2796D4745}.Release|x86.ActiveCfg = Release|Win32
		{A418F285-BD22-43AB-B89A-FDF2796D4745}.Release|x86.Build.0 = Release|Win32
		{BA63CD8B-1AB0-4AEC-9F6B-B9EA09CD9CC5}.Debug|x64.ActiveCfg = Debug|x64
		{BA63CD8B-1AB0-4AEC-9F6B-B9EA09CD9CC5}.Debug|x64.Build.0 = Debug|x64
		{BA63CD8B-1AB0-4AEC-9F6B-B9EA09CD9CC5}.Debug|x86.ActiveCfg = Debug|Win32
		{BA63CD8B-1AB0-4AEC-9F6B-B9EA09CD9CC5}.Debug|x86.Build.0 = Debug|Win32
		{BA63CD8B-1AB0-4AEC-9F6B-B9EA09CD9CC5}.Release|x64.ActiveCfg = Release|x64
		{BA63CD8B-1AB0-4AEC-9F6B-B9EA09CD9CC5}.Release|x64.Build.0 = Release|x64
		{BA63CD8B-1AB0-4AEC-9F6B-B9EA09CD9CC5}.Release|x86.ActiveCfg = Release|Win32
		{BA63CD8B-1AB0-4AEC-9F6B-B9EA09CD9CC5}.Release|x86.Build.0 = Release|Win32
		{BB346C48-F575-4EF0-A8CE-49E10A630DF9}.Debug|x64.ActiveCfg = Debug|x64
		{BB346C48-F575-4EF0-A8CE-49E10A630DF9}.Debug|x64.Build.0 = Debug|x64
		{BB346C48-F575-4EF0-A8CE-49E10A630DF9}.Debug|x86.ActiveCfg = Debug|Win32
		{BB346C48-F575-4EF0-A8CE-49E10A630DF9}.Debug|x86.Build.0 = Debug|Win32
		{BB346C48-F575-4EF0-A8CE-49E10A630DF9}.Release|x64.ActiveCfg = Release|x64
		{BB346C48-F575-4EF0-A8CE-49E10A630DF9}.Release|x64.Build.0 = Release|x64
		{BB346C48-F575-4EF0-A8CE-49E10A630DF9}.Release|x86.ActiveCfg = Release|Win32
		{BB346C48-F575-4EF0-A8CE-49E10A630DF9}.Release|x86.Build.0 = Release|Win32
		{056A9803-12E4-4BBB-8F40-97A57294F36F}.Debug|x64.ActiveCfg = Debug|x64
		{056A9803-12E4-4BBB-8F40-97A57294F36F}.Debug|x64.Build.0 = Debug|x64
		{056A9803-12E4-4BBB-8F40-97A57294F36F}.Debug|x86.ActiveCfg = Debug|Win32
		{056A9803-12E4-4BBB-8F40-97A57294F36F}.Debug|x86.Build.0 = Debug|Win32
		{056A9803-12E4-4BBB-8F40-97A57294F36F}.Release|x64.ActiveCfg = Release|x64
		{056A9803-12E4-4BBB-8F40-97A57294F36F}.Release|x64.Build.0 = Release|x64
		{056A9803-12E4-4BBB-8F40-97A57294F36F}.Release|x86.ActiveCfg = Release|Win32
		{056A9803-12E4-4BBB-8F40-97A57294F36F}.Release|x86.Build.0 = Release|Win32
	EndGlobalSection
	GlobalSection(SolutionProperties) = preSolution
		HideSolutionNode = FALSE
	EndGlobalSection
	GlobalSection(NestedProjects) = preSolution
		{58E2DF50-31D1-4F20-9312-555CB404B3E9} = {91623111-1FD3-4516-8B8A-FFAC70D50E66}
		{40942287-0B93-423E-A05F-289EC7FB6264} = {91623111-1FD3-4516-8B8A-FFAC70D50E66}
		{A418F285-BD22-43AB-B89A-FDF2796D4745} = {91623111-1FD3-4516-8B8A-FFAC70D50E66}
		{BA63CD8B-1AB0-4AEC-9F6B-B9EA09CD9CC5} = {04D782D7-B476-480B-BADF-20B74E13ED54}
		{BB346C48-F575-4EF0-A8CE-49E10A630DF9} = {04D782D7-B476-480B-BADF-20B74E13ED54}
		{056A9803-12E4-4BBB-8F40-97A57294F36F} = {04D782D7-B476-480B-BADF-20B74E13ED54}
	EndGlobalSection
	GlobalSection(ExtensibilityGlobals) = postSolution
		SolutionGuid = {B4DC2F83-F2C0-4E3E-B16E-FFC01F654876}
	EndGlobalSection
EndGlobal
